// !$*UTF8*$!
{
	archiveVersion = 1;
	classes = {
	};
	objectVersion = 46;
	objects = {

/* Begin PBXBuildFile section */
		154F400A1AEEA206004E3B8E /* AppDelegate.swift in Sources */ = {isa = PBXBuildFile; fileRef = 154F40091AEEA206004E3B8E /* AppDelegate.swift */; };
		154F400D1AEEA206004E3B8E /* GitTracker.xcdatamodeld in Sources */ = {isa = PBXBuildFile; fileRef = 154F400B1AEEA206004E3B8E /* GitTracker.xcdatamodeld */; };
		154F400F1AEEA206004E3B8E /* MasterViewController.swift in Sources */ = {isa = PBXBuildFile; fileRef = 154F400E1AEEA206004E3B8E /* MasterViewController.swift */; };
		154F40111AEEA206004E3B8E /* DetailViewController.swift in Sources */ = {isa = PBXBuildFile; fileRef = 154F40101AEEA206004E3B8E /* DetailViewController.swift */; };
		154F40141AEEA206004E3B8E /* Main.storyboard in Resources */ = {isa = PBXBuildFile; fileRef = 154F40121AEEA206004E3B8E /* Main.storyboard */; };
		154F40161AEEA206004E3B8E /* Images.xcassets in Resources */ = {isa = PBXBuildFile; fileRef = 154F40151AEEA206004E3B8E /* Images.xcassets */; };
		154F40191AEEA206004E3B8E /* LaunchScreen.xib in Resources */ = {isa = PBXBuildFile; fileRef = 154F40171AEEA206004E3B8E /* LaunchScreen.xib */; };
		154F40251AEEA206004E3B8E /* GitTrackerTests.swift in Sources */ = {isa = PBXBuildFile; fileRef = 154F40241AEEA206004E3B8E /* GitTrackerTests.swift */; };
		154F40371AEEA86C004E3B8E /* CoreDataManager.swift in Sources */ = {isa = PBXBuildFile; fileRef = 154F40361AEEA86C004E3B8E /* CoreDataManager.swift */; };
		154F40431AF005CD004E3B8E /* Label.swift in Sources */ = {isa = PBXBuildFile; fileRef = 154F40421AF005CD004E3B8E /* Label.swift */; };
		154F40451AF005CE004E3B8E /* Projeto.swift in Sources */ = {isa = PBXBuildFile; fileRef = 154F40441AF005CE004E3B8E /* Projeto.swift */; };
		246FDBDB1AF148F700845358 /* GitSearch.swift in Sources */ = {isa = PBXBuildFile; fileRef = 246FDBDA1AF148F700845358 /* GitSearch.swift */; };
		24779F3E1AF15E7500E72DE9 /* LabelT.swift in Sources */ = {isa = PBXBuildFile; fileRef = 24779F3D1AF15E7500E72DE9 /* LabelT.swift */; };
/* End PBXBuildFile section */

/* Begin PBXContainerItemProxy section */
		154F401F1AEEA206004E3B8E /* PBXContainerItemProxy */ = {
			isa = PBXContainerItemProxy;
			containerPortal = 154F3FFC1AEEA206004E3B8E /* Project object */;
			proxyType = 1;
			remoteGlobalIDString = 154F40031AEEA206004E3B8E;
			remoteInfo = GitTracker;
		};
/* End PBXContainerItemProxy section */

/* Begin PBXFileReference section */
		154F40041AEEA206004E3B8E /* GitTracker.app */ = {isa = PBXFileReference; explicitFileType = wrapper.application; includeInIndex = 0; path = GitTracker.app; sourceTree = BUILT_PRODUCTS_DIR; };
		154F40081AEEA206004E3B8E /* Info.plist */ = {isa = PBXFileReference; lastKnownFileType = text.plist.xml; path = Info.plist; sourceTree = "<group>"; };
		154F40091AEEA206004E3B8E /* AppDelegate.swift */ = {isa = PBXFileReference; lastKnownFileType = sourcecode.swift; path = AppDelegate.swift; sourceTree = "<group>"; };
		154F400C1AEEA206004E3B8E /* GitTracker.xcdatamodel */ = {isa = PBXFileReference; lastKnownFileType = wrapper.xcdatamodel; path = GitTracker.xcdatamodel; sourceTree = "<group>"; };
		154F400E1AEEA206004E3B8E /* MasterViewController.swift */ = {isa = PBXFileReference; lastKnownFileType = sourcecode.swift; path = MasterViewController.swift; sourceTree = "<group>"; };
		154F40101AEEA206004E3B8E /* DetailViewController.swift */ = {isa = PBXFileReference; lastKnownFileType = sourcecode.swift; path = DetailViewController.swift; sourceTree = "<group>"; };
		154F40131AEEA206004E3B8E /* Base */ = {isa = PBXFileReference; lastKnownFileType = file.storyboard; name = Base; path = Base.lproj/Main.storyboard; sourceTree = "<group>"; };
		154F40151AEEA206004E3B8E /* Images.xcassets */ = {isa = PBXFileReference; lastKnownFileType = folder.assetcatalog; path = Images.xcassets; sourceTree = "<group>"; };
		154F40181AEEA206004E3B8E /* Base */ = {isa = PBXFileReference; lastKnownFileType = file.xib; name = Base; path = Base.lproj/LaunchScreen.xib; sourceTree = "<group>"; };
		154F401E1AEEA206004E3B8E /* GitTrackerTests.xctest */ = {isa = PBXFileReference; explicitFileType = wrapper.cfbundle; includeInIndex = 0; path = GitTrackerTests.xctest; sourceTree = BUILT_PRODUCTS_DIR; };
		154F40231AEEA206004E3B8E /* Info.plist */ = {isa = PBXFileReference; lastKnownFileType = text.plist.xml; path = Info.plist; sourceTree = "<group>"; };
		154F40241AEEA206004E3B8E /* GitTrackerTests.swift */ = {isa = PBXFileReference; lastKnownFileType = sourcecode.swift; path = GitTrackerTests.swift; sourceTree = "<group>"; };
		154F40361AEEA86C004E3B8E /* CoreDataManager.swift */ = {isa = PBXFileReference; fileEncoding = 4; lastKnownFileType = sourcecode.swift; path = CoreDataManager.swift; sourceTree = "<group>"; };
		154F40421AF005CD004E3B8E /* Label.swift */ = {isa = PBXFileReference; fileEncoding = 4; lastKnownFileType = sourcecode.swift; path = Label.swift; sourceTree = "<group>"; };
		154F40441AF005CE004E3B8E /* Projeto.swift */ = {isa = PBXFileReference; fileEncoding = 4; lastKnownFileType = sourcecode.swift; path = Projeto.swift; sourceTree = "<group>"; };
		246FDBDA1AF148F700845358 /* GitSearch.swift */ = {isa = PBXFileReference; fileEncoding = 4; lastKnownFileType = sourcecode.swift; path = GitSearch.swift; sourceTree = "<group>"; };
		24779F3D1AF15E7500E72DE9 /* LabelT.swift */ = {isa = PBXFileReference; fileEncoding = 4; lastKnownFileType = sourcecode.swift; name = LabelT.swift; path = ../LabelT.swift; sourceTree = "<group>"; };
/* End PBXFileReference section */

/* Begin PBXFrameworksBuildPhase section */
		154F40011AEEA206004E3B8E /* Frameworks */ = {
			isa = PBXFrameworksBuildPhase;
			buildActionMask = 2147483647;
			files = (
			);
			runOnlyForDeploymentPostprocessing = 0;
		};
		154F401B1AEEA206004E3B8E /* Frameworks */ = {
			isa = PBXFrameworksBuildPhase;
			buildActionMask = 2147483647;
			files = (
			);
			runOnlyForDeploymentPostprocessing = 0;
		};
/* End PBXFrameworksBuildPhase section */

/* Begin PBXGroup section */
		154F3FFB1AEEA206004E3B8E = {
			isa = PBXGroup;
			children = (
				154F40061AEEA206004E3B8E /* GitTracker */,
				154F40211AEEA206004E3B8E /* GitTrackerTests */,
				154F40051AEEA206004E3B8E /* Products */,
			);
			sourceTree = "<group>";
		};
		154F40051AEEA206004E3B8E /* Products */ = {
			isa = PBXGroup;
			children = (
				154F40041AEEA206004E3B8E /* GitTracker.app */,
				154F401E1AEEA206004E3B8E /* GitTrackerTests.xctest */,
			);
			name = Products;
			sourceTree = "<group>";
		};
		154F40061AEEA206004E3B8E /* GitTracker */ = {
			isa = PBXGroup;
			children = (
				154F40441AF005CE004E3B8E /* Projeto.swift */,
				154F40421AF005CD004E3B8E /* Label.swift */,
				24779F3D1AF15E7500E72DE9 /* LabelT.swift */,
				154F40091AEEA206004E3B8E /* AppDelegate.swift */,
				154F400E1AEEA206004E3B8E /* MasterViewController.swift */,
				154F40101AEEA206004E3B8E /* DetailViewController.swift */,
				154F40121AEEA206004E3B8E /* Main.storyboard */,
				154F40151AEEA206004E3B8E /* Images.xcassets */,
				154F40171AEEA206004E3B8E /* LaunchScreen.xib */,
				154F400B1AEEA206004E3B8E /* GitTracker.xcdatamodeld */,
				154F40071AEEA206004E3B8E /* Supporting Files */,
				154F40361AEEA86C004E3B8E /* CoreDataManager.swift */,
				246FDBDA1AF148F700845358 /* GitSearch.swift */,
			);
			path = GitTracker;
			sourceTree = "<group>";
		};
		154F40071AEEA206004E3B8E /* Supporting Files */ = {
			isa = PBXGroup;
			children = (
				154F40081AEEA206004E3B8E /* Info.plist */,
			);
			name = "Supporting Files";
			sourceTree = "<group>";
		};
		154F40211AEEA206004E3B8E /* GitTrackerTests */ = {
			isa = PBXGroup;
			children = (
				154F40241AEEA206004E3B8E /* GitTrackerTests.swift */,
				154F40221AEEA206004E3B8E /* Supporting Files */,
			);
			path = GitTrackerTests;
			sourceTree = "<group>";
		};
		154F40221AEEA206004E3B8E /* Supporting Files */ = {
			isa = PBXGroup;
			children = (
				154F40231AEEA206004E3B8E /* Info.plist */,
			);
			name = "Supporting Files";
			sourceTree = "<group>";
		};
/* End PBXGroup section */

/* Begin PBXNativeTarget section */
		154F40031AEEA206004E3B8E /* GitTracker */ = {
			isa = PBXNativeTarget;
			buildConfigurationList = 154F40281AEEA207004E3B8E /* Build configuration list for PBXNativeTarget "GitTracker" */;
			buildPhases = (
				154F40001AEEA206004E3B8E /* Sources */,
				154F40011AEEA206004E3B8E /* Frameworks */,
				154F40021AEEA206004E3B8E /* Resources */,
			);
			buildRules = (
			);
			dependencies = (
			);
			name = GitTracker;
			productName = GitTracker;
			productReference = 154F40041AEEA206004E3B8E /* GitTracker.app */;
			productType = "com.apple.product-type.application";
		};
		154F401D1AEEA206004E3B8E /* GitTrackerTests */ = {
			isa = PBXNativeTarget;
			buildConfigurationList = 154F402B1AEEA207004E3B8E /* Build configuration list for PBXNativeTarget "GitTrackerTests" */;
			buildPhases = (
				154F401A1AEEA206004E3B8E /* Sources */,
				154F401B1AEEA206004E3B8E /* Frameworks */,
				154F401C1AEEA206004E3B8E /* Resources */,
			);
			buildRules = (
			);
			dependencies = (
				154F40201AEEA206004E3B8E /* PBXTargetDependency */,
			);
			name = GitTrackerTests;
			productName = GitTrackerTests;
			productReference = 154F401E1AEEA206004E3B8E /* GitTrackerTests.xctest */;
			productType = "com.apple.product-type.bundle.unit-test";
		};
/* End PBXNativeTarget section */

/* Begin PBXProject section */
		154F3FFC1AEEA206004E3B8E /* Project object */ = {
			isa = PBXProject;
			attributes = {
				LastUpgradeCheck = 0630;
				ORGANIZATIONNAME = "Omella, Ota e Hieda";
				TargetAttributes = {
					154F40031AEEA206004E3B8E = {
						CreatedOnToolsVersion = 6.3;
					};
					154F401D1AEEA206004E3B8E = {
						CreatedOnToolsVersion = 6.3;
						TestTargetID = 154F40031AEEA206004E3B8E;
					};
				};
			};
			buildConfigurationList = 154F3FFF1AEEA206004E3B8E /* Build configuration list for PBXProject "GitTracker" */;
			compatibilityVersion = "Xcode 3.2";
			developmentRegion = English;
			hasScannedForEncodings = 0;
			knownRegions = (
				en,
				Base,
			);
			mainGroup = 154F3FFB1AEEA206004E3B8E;
			productRefGroup = 154F40051AEEA206004E3B8E /* Products */;
			projectDirPath = "";
			projectRoot = "";
			targets = (
				154F40031AEEA206004E3B8E /* GitTracker */,
				154F401D1AEEA206004E3B8E /* GitTrackerTests */,
			);
		};
/* End PBXProject section */

/* Begin PBXResourcesBuildPhase section */
		154F40021AEEA206004E3B8E /* Resources */ = {
			isa = PBXResourcesBuildPhase;
			buildActionMask = 2147483647;
			files = (
				154F40141AEEA206004E3B8E /* Main.storyboard in Resources */,
				154F40191AEEA206004E3B8E /* LaunchScreen.xib in Resources */,
				154F40161AEEA206004E3B8E /* Images.xcassets in Resources */,
			);
			runOnlyForDeploymentPostprocessing = 0;
		};
		154F401C1AEEA206004E3B8E /* Resources */ = {
			isa = PBXResourcesBuildPhase;
			buildActionMask = 2147483647;
			files = (
			);
			runOnlyForDeploymentPostprocessing = 0;
		};
/* End PBXResourcesBuildPhase section */

/* Begin PBXSourcesBuildPhase section */
		154F40001AEEA206004E3B8E /* Sources */ = {
			isa = PBXSourcesBuildPhase;
			buildActionMask = 2147483647;
			files = (
				154F400A1AEEA206004E3B8E /* AppDelegate.swift in Sources */,
				154F40451AF005CE004E3B8E /* Projeto.swift in Sources */,
				154F400D1AEEA206004E3B8E /* GitTracker.xcdatamodeld in Sources */,
				24779F3E1AF15E7500E72DE9 /* LabelT.swift in Sources */,
				154F40431AF005CD004E3B8E /* Label.swift in Sources */,
				246FDBDB1AF148F700845358 /* GitSearch.swift in Sources */,
				154F400F1AEEA206004E3B8E /* MasterViewController.swift in Sources */,
				154F40371AEEA86C004E3B8E /* CoreDataManager.swift in Sources */,
				154F40111AEEA206004E3B8E /* DetailViewController.swift in Sources */,
			);
			runOnlyForDeploymentPostprocessing = 0;
		};
		154F401A1AEEA206004E3B8E /* Sources */ = {
			isa = PBXSourcesBuildPhase;
			buildActionMask = 2147483647;
			files = (
				154F40251AEEA206004E3B8E /* GitTrackerTests.swift in Sources */,
			);
			runOnlyForDeploymentPostprocessing = 0;
		};
/* End PBXSourcesBuildPhase section */

/* Begin PBXTargetDependency section */
		154F40201AEEA206004E3B8E /* PBXTargetDependency */ = {
			isa = PBXTargetDependency;
			target = 154F40031AEEA206004E3B8E /* GitTracker */;
			targetProxy = 154F401F1AEEA206004E3B8E /* PBXContainerItemProxy */;
		};
/* End PBXTargetDependency section */

/* Begin PBXVariantGroup section */
		154F40121AEEA206004E3B8E /* Main.storyboard */ = {
			isa = PBXVariantGroup;
			children = (
				154F40131AEEA206004E3B8E /* Base */,
			);
			name = Main.storyboard;
			sourceTree = "<group>";
		};
		154F40171AEEA206004E3B8E /* LaunchScreen.xib */ = {
			isa = PBXVariantGroup;
			children = (
				154F40181AEEA206004E3B8E /* Base */,
			);
			name = LaunchScreen.xib;
			sourceTree = "<group>";
		};
/* End PBXVariantGroup section */

/* Begin XCBuildConfiguration section */
		154F40261AEEA207004E3B8E /* Debug */ = {
			isa = XCBuildConfiguration;
			buildSettings = {
				ALWAYS_SEARCH_USER_PATHS = NO;
				CLANG_CXX_LANGUAGE_STANDARD = "gnu++0x";
				CLANG_CXX_LIBRARY = "libc++";
				CLANG_ENABLE_MODULES = YES;
				CLANG_ENABLE_OBJC_ARC = YES;
				CLANG_WARN_BOOL_CONVERSION = YES;
				CLANG_WARN_CONSTANT_CONVERSION = YES;
				CLANG_WARN_DIRECT_OBJC_ISA_USAGE = YES_ERROR;
				CLANG_WARN_EMPTY_BODY = YES;
				CLANG_WARN_ENUM_CONVERSION = YES;
				CLANG_WARN_INT_CONVERSION = YES;
				CLANG_WARN_OBJC_ROOT_CLASS = YES_ERROR;
				CLANG_WARN_UNREACHABLE_CODE = YES;
				CLANG_WARN__DUPLICATE_METHOD_MATCH = YES;
				"CODE_SIGN_IDENTITY[sdk=iphoneos*]" = "iPhone Developer";
				COPY_PHASE_STRIP = NO;
				DEBUG_INFORMATION_FORMAT = "dwarf-with-dsym";
				ENABLE_STRICT_OBJC_MSGSEND = YES;
				GCC_C_LANGUAGE_STANDARD = gnu99;
				GCC_DYNAMIC_NO_PIC = NO;
				GCC_NO_COMMON_BLOCKS = YES;
				GCC_OPTIMIZATION_LEVEL = 0;
				GCC_PREPROCESSOR_DEFINITIONS = (
					"DEBUG=1",
					"$(inherited)",
				);
				GCC_SYMBOLS_PRIVATE_EXTERN = NO;
				GCC_WARN_64_TO_32_BIT_CONVERSION = YES;
				GCC_WARN_ABOUT_RETURN_TYPE = YES_ERROR;
				GCC_WARN_UNDECLARED_SELECTOR = YES;
				GCC_WARN_UNINITIALIZED_AUTOS = YES_AGGRESSIVE;
				GCC_WARN_UNUSED_FUNCTION = YES;
				GCC_WARN_UNUSED_VARIABLE = YES;
				IPHONEOS_DEPLOYMENT_TARGET = 8.3;
				MTL_ENABLE_DEBUG_INFO = YES;
				ONLY_ACTIVE_ARCH = YES;
				SDKROOT = iphoneos;
				SWIFT_OPTIMIZATION_LEVEL = "-Onone";
			};
			name = Debug;
		};
		154F40271AEEA207004E3B8E /* Release */ = {
			isa = XCBuildConfiguration;
			buildSettings = {
				ALWAYS_SEARCH_USER_PATHS = NO;
				CLANG_CXX_LANGUAGE_STANDARD = "gnu++0x";
				CLANG_CXX_LIBRARY = "libc++";
				CLANG_ENABLE_MODULES = YES;
				CLANG_ENABLE_OBJC_ARC = YES;
				CLANG_WARN_BOOL_CONVERSION = YES;
				CLANG_WARN_CONSTANT_CONVERSION = YES;
				CLANG_WARN_DIRECT_OBJC_ISA_USAGE = YES_ERROR;
				CLANG_WARN_EMPTY_BODY = YES;
				CLANG_WARN_ENUM_CONVERSION = YES;
				CLANG_WARN_INT_CONVERSION = YES;
				CLANG_WARN_OBJC_ROOT_CLASS = YES_ERROR;
				CLANG_WARN_UNREACHABLE_CODE = YES;
				CLANG_WARN__DUPLICATE_METHOD_MATCH = YES;
				"CODE_SIGN_IDENTITY[sdk=iphoneos*]" = "iPhone Developer";
				COPY_PHASE_STRIP = NO;
				DEBUG_INFORMATION_FORMAT = "dwarf-with-dsym";
				ENABLE_NS_ASSERTIONS = NO;
				ENABLE_STRICT_OBJC_MSGSEND = YES;
				GCC_C_LANGUAGE_STANDARD = gnu99;
				GCC_NO_COMMON_BLOCKS = YES;
				GCC_WARN_64_TO_32_BIT_CONVERSION = YES;
				GCC_WARN_ABOUT_RETURN_TYPE = YES_ERROR;
				GCC_WARN_UNDECLARED_SELECTOR = YES;
				GCC_WARN_UNINITIALIZED_AUTOS = YES_AGGRESSIVE;
				GCC_WARN_UNUSED_FUNCTION = YES;
				GCC_WARN_UNUSED_VARIABLE = YES;
				IPHONEOS_DEPLOYMENT_TARGET = 8.3;
				MTL_ENABLE_DEBUG_INFO = NO;
				SDKROOT = iphoneos;
				VALIDATE_PRODUCT = YES;
			};
			name = Release;
		};
		154F40291AEEA207004E3B8E /* Debug */ = {
			isa = XCBuildConfiguration;
			buildSettings = {
				ASSETCATALOG_COMPILER_APPICON_NAME = AppIcon;
				INFOPLIST_FILE = GitTracker/Info.plist;
				LD_RUNPATH_SEARCH_PATHS = "$(inherited) @executable_path/Frameworks";
				PRODUCT_NAME = "$(TARGET_NAME)";
			};
			name = Debug;
		};
		154F402A1AEEA207004E3B8E /* Release */ = {
			isa = XCBuildConfiguration;
			buildSettings = {
				ASSETCATALOG_COMPILER_APPICON_NAME = AppIcon;
				INFOPLIST_FILE = GitTracker/Info.plist;
				LD_RUNPATH_SEARCH_PATHS = "$(inherited) @executable_path/Frameworks";
				PRODUCT_NAME = "$(TARGET_NAME)";
			};
			name = Release;
		};
		154F402C1AEEA207004E3B8E /* Debug */ = {
			isa = XCBuildConfiguration;
			buildSettings = {
				BUNDLE_LOADER = "$(TEST_HOST)";
				FRAMEWORK_SEARCH_PATHS = (
					"$(SDKROOT)/Developer/Library/Frameworks",
					"$(inherited)",
				);
				GCC_PREPROCESSOR_DEFINITIONS = (
					"DEBUG=1",
					"$(inherited)",
				);
				INFOPLIST_FILE = GitTrackerTests/Info.plist;
				LD_RUNPATH_SEARCH_PATHS = "$(inherited) @executable_path/Frameworks @loader_path/Frameworks";
				PRODUCT_NAME = "$(TARGET_NAME)";
				TEST_HOST = "$(BUILT_PRODUCTS_DIR)/GitTracker.app/GitTracker";
			};
			name = Debug;
		};
		154F402D1AEEA207004E3B8E /* Release */ = {
			isa = XCBuildConfiguration;
			buildSettings = {
				BUNDLE_LOADER = "$(TEST_HOST)";
				FRAMEWORK_SEARCH_PATHS = (
					"$(SDKROOT)/Developer/Library/Frameworks",
					"$(inherited)",
				);
				INFOPLIST_FILE = GitTrackerTests/Info.plist;
				LD_RUNPATH_SEARCH_PATHS = "$(inherited) @executable_path/Frameworks @loader_path/Frameworks";
				PRODUCT_NAME = "$(TARGET_NAME)";
				TEST_HOST = "$(BUILT_PRODUCTS_DIR)/GitTracker.app/GitTracker";
			};
			name = Release;
		};
/* End XCBuildConfiguration section */

/* Begin XCConfigurationList section */
		154F3FFF1AEEA206004E3B8E /* Build configuration list for PBXProject "GitTracker" */ = {
			isa = XCConfigurationList;
			buildConfigurations = (
				154F40261AEEA207004E3B8E /* Debug */,
				154F40271AEEA207004E3B8E /* Release */,
			);
			defaultConfigurationIsVisible = 0;
			defaultConfigurationName = Release;
		};
		154F40281AEEA207004E3B8E /* Build configuration list for PBXNativeTarget "GitTracker" */ = {
			isa = XCConfigurationList;
			buildConfigurations = (
				154F40291AEEA207004E3B8E /* Debug */,
				154F402A1AEEA207004E3B8E /* Release */,
			);
			defaultConfigurationIsVisible = 0;
			defaultConfigurationName = Release;
		};
		154F402B1AEEA207004E3B8E /* Build configuration list for PBXNativeTarget "GitTrackerTests" */ = {
			isa = XCConfigurationList;
			buildConfigurations = (
				154F402C1AEEA207004E3B8E /* Debug */,
				154F402D1AEEA207004E3B8E /* Release */,
			);
			defaultConfigurationIsVisible = 0;
			defaultConfigurationName = Release;
		};
/* End XCConfigurationList section */

/* Begin XCVersionGroup section */
		154F400B1AEEA206004E3B8E /* GitTracker.xcdatamodeld */ = {
			isa = XCVersionGroup;
			children = (
				154F400C1AEEA206004E3B8E /* GitTracker.xcdatamodel */,
			);
			currentVersion = 154F400C1AEEA206004E3B8E /* GitTracker.xcdatamodel */;
			path = GitTracker.xcdatamodeld;
			sourceTree = "<group>";
			versionGroupType = wrapper.xcdatamodel;
		};
/* End XCVersionGroup section */
	};
	rootObject = 154F3FFC1AEEA206004E3B8E /* Project object */;
}
